// !$*UTF8*$!
{
	archiveVersion = 1;
	classes = {
	};
	objectVersion = 51;
	objects = {

/* Begin PBXBuildFile section */
		6270078724F55643007B1644 /* DetailModel.swift in Sources */ = {isa = PBXBuildFile; fileRef = 6270078624F55643007B1644 /* DetailModel.swift */; };
		6272A70624EE9F9500705B7E /* DetailViewController.swift in Sources */ = {isa = PBXBuildFile; fileRef = 6272A70524EE9F9500705B7E /* DetailViewController.swift */; };
		627A001224EAA3C1001C1BC8 /* MediaCollectionViewCell.swift in Sources */ = {isa = PBXBuildFile; fileRef = 627A001124EAA3C1001C1BC8 /* MediaCollectionViewCell.swift */; };
		628337FF24E570CA00F24116 /* ResultModel.swift in Sources */ = {isa = PBXBuildFile; fileRef = 628337FE24E570CA00F24116 /* ResultModel.swift */; };
		629A911424E6CDF20018C327 /* Media.swift in Sources */ = {isa = PBXBuildFile; fileRef = 629A911324E6CDF20018C327 /* Media.swift */; };
		629A912124E6DF8A0018C327 /* MainViewController.swift in Sources */ = {isa = PBXBuildFile; fileRef = 629A912024E6DF8A0018C327 /* MainViewController.swift */; };
		62A3FE1624EA5CB20006C94D /* MediaCollectionViewCell.xib in Resources */ = {isa = PBXBuildFile; fileRef = 62A3FE1424EA5CB20006C94D /* MediaCollectionViewCell.xib */; };
		62A3FE1A24EA5D2B0006C94D /* Main.storyboard in Resources */ = {isa = PBXBuildFile; fileRef = 62A3FE1924EA5D2B0006C94D /* Main.storyboard */; };
		62ED533724F0058100CD67FD /* DatabaseManager.swift in Sources */ = {isa = PBXBuildFile; fileRef = 62ED533624F0058100CD67FD /* DatabaseManager.swift */; };
		62F5E4A024E42121006F7A07 /* AppDelegate.swift in Sources */ = {isa = PBXBuildFile; fileRef = 62F5E49F24E42121006F7A07 /* AppDelegate.swift */; };
		62F5E4A224E42121006F7A07 /* SceneDelegate.swift in Sources */ = {isa = PBXBuildFile; fileRef = 62F5E4A124E42121006F7A07 /* SceneDelegate.swift */; };
		62F5E4A924E42123006F7A07 /* Assets.xcassets in Resources */ = {isa = PBXBuildFile; fileRef = 62F5E4A824E42123006F7A07 /* Assets.xcassets */; };
		62F5E4AC24E42123006F7A07 /* LaunchScreen.storyboard in Resources */ = {isa = PBXBuildFile; fileRef = 62F5E4AA24E42123006F7A07 /* LaunchScreen.storyboard */; };
		62F5E4B724E42123006F7A07 /* TuneDerTests.swift in Sources */ = {isa = PBXBuildFile; fileRef = 62F5E4B624E42123006F7A07 /* TuneDerTests.swift */; };
		62F5E4C224E42123006F7A07 /* TuneDerUITests.swift in Sources */ = {isa = PBXBuildFile; fileRef = 62F5E4C124E42123006F7A07 /* TuneDerUITests.swift */; };
		62F91D6A24E50DB000459C29 /* ResultManager.swift in Sources */ = {isa = PBXBuildFile; fileRef = 62F91D6924E50DB000459C29 /* ResultManager.swift */; };
		A3E7641339FD696BF9646303 /* Pods_TuneDer_TuneDerUITests.framework in Frameworks */ = {isa = PBXBuildFile; fileRef = 528B5160C8A36A152A7C8B98 /* Pods_TuneDer_TuneDerUITests.framework */; };
		BAED0C5F529BB611AADA0E1E /* Pods_TuneDerTests.framework in Frameworks */ = {isa = PBXBuildFile; fileRef = 51257F17261B2771F24216BF /* Pods_TuneDerTests.framework */; };
		BFEAB1A4116D2EE3DBAB86C4 /* Pods_TuneDer.framework in Frameworks */ = {isa = PBXBuildFile; fileRef = 3F5483CAC1D6BB13A6852F44 /* Pods_TuneDer.framework */; };
/* End PBXBuildFile section */

/* Begin PBXContainerItemProxy section */
		62F5E4B324E42123006F7A07 /* PBXContainerItemProxy */ = {
			isa = PBXContainerItemProxy;
			containerPortal = 62F5E49424E42121006F7A07 /* Project object */;
			proxyType = 1;
			remoteGlobalIDString = 62F5E49B24E42121006F7A07;
			remoteInfo = TuneDer;
		};
		62F5E4BE24E42123006F7A07 /* PBXContainerItemProxy */ = {
			isa = PBXContainerItemProxy;
			containerPortal = 62F5E49424E42121006F7A07 /* Project object */;
			proxyType = 1;
			remoteGlobalIDString = 62F5E49B24E42121006F7A07;
			remoteInfo = TuneDer;
		};
/* End PBXContainerItemProxy section */

/* Begin PBXFileReference section */
		17D06D0FFCF2CACB31BBF8C3 /* Pods-TuneDerTests.debug.xcconfig */ = {isa = PBXFileReference; includeInIndex = 1; lastKnownFileType = text.xcconfig; name = "Pods-TuneDerTests.debug.xcconfig"; path = "Target Support Files/Pods-TuneDerTests/Pods-TuneDerTests.debug.xcconfig"; sourceTree = "<group>"; };
		37CA52E3659ED69C8B6DADAA /* Pods-TuneDerTests.release.xcconfig */ = {isa = PBXFileReference; includeInIndex = 1; lastKnownFileType = text.xcconfig; name = "Pods-TuneDerTests.release.xcconfig"; path = "Target Support Files/Pods-TuneDerTests/Pods-TuneDerTests.release.xcconfig"; sourceTree = "<group>"; };
		37FB435A2DA70EFAD5051975 /* Pods-TuneDer-TuneDerUITests.debug.xcconfig */ = {isa = PBXFileReference; includeInIndex = 1; lastKnownFileType = text.xcconfig; name = "Pods-TuneDer-TuneDerUITests.debug.xcconfig"; path = "Target Support Files/Pods-TuneDer-TuneDerUITests/Pods-TuneDer-TuneDerUITests.debug.xcconfig"; sourceTree = "<group>"; };
		3F5483CAC1D6BB13A6852F44 /* Pods_TuneDer.framework */ = {isa = PBXFileReference; explicitFileType = wrapper.framework; includeInIndex = 0; path = Pods_TuneDer.framework; sourceTree = BUILT_PRODUCTS_DIR; };
		464DC6AAF7888AD0FE60E923 /* Pods-TuneDer.debug.xcconfig */ = {isa = PBXFileReference; includeInIndex = 1; lastKnownFileType = text.xcconfig; name = "Pods-TuneDer.debug.xcconfig"; path = "Target Support Files/Pods-TuneDer/Pods-TuneDer.debug.xcconfig"; sourceTree = "<group>"; };
		51257F17261B2771F24216BF /* Pods_TuneDerTests.framework */ = {isa = PBXFileReference; explicitFileType = wrapper.framework; includeInIndex = 0; path = Pods_TuneDerTests.framework; sourceTree = BUILT_PRODUCTS_DIR; };
		528B5160C8A36A152A7C8B98 /* Pods_TuneDer_TuneDerUITests.framework */ = {isa = PBXFileReference; explicitFileType = wrapper.framework; includeInIndex = 0; path = Pods_TuneDer_TuneDerUITests.framework; sourceTree = BUILT_PRODUCTS_DIR; };
		5D00A56251E3A565A2666FAF /* Pods-TuneDer-TuneDerUITests.release.xcconfig */ = {isa = PBXFileReference; includeInIndex = 1; lastKnownFileType = text.xcconfig; name = "Pods-TuneDer-TuneDerUITests.release.xcconfig"; path = "Target Support Files/Pods-TuneDer-TuneDerUITests/Pods-TuneDer-TuneDerUITests.release.xcconfig"; sourceTree = "<group>"; };
		6270078624F55643007B1644 /* DetailModel.swift */ = {isa = PBXFileReference; lastKnownFileType = sourcecode.swift; path = DetailModel.swift; sourceTree = "<group>"; };
		6272A70524EE9F9500705B7E /* DetailViewController.swift */ = {isa = PBXFileReference; lastKnownFileType = sourcecode.swift; path = DetailViewController.swift; sourceTree = "<group>"; };
		627A001124EAA3C1001C1BC8 /* MediaCollectionViewCell.swift */ = {isa = PBXFileReference; fileEncoding = 4; lastKnownFileType = sourcecode.swift; path = MediaCollectionViewCell.swift; sourceTree = "<group>"; };
		628337FE24E570CA00F24116 /* ResultModel.swift */ = {isa = PBXFileReference; lastKnownFileType = sourcecode.swift; path = ResultModel.swift; sourceTree = "<group>"; };
		629A911324E6CDF20018C327 /* Media.swift */ = {isa = PBXFileReference; lastKnownFileType = sourcecode.swift; path = Media.swift; sourceTree = "<group>"; };
		629A912024E6DF8A0018C327 /* MainViewController.swift */ = {isa = PBXFileReference; lastKnownFileType = sourcecode.swift; path = MainViewController.swift; sourceTree = "<group>"; };
		62A3FE1424EA5CB20006C94D /* MediaCollectionViewCell.xib */ = {isa = PBXFileReference; fileEncoding = 4; lastKnownFileType = file.xib; path = MediaCollectionViewCell.xib; sourceTree = "<group>"; };
		62A3FE1924EA5D2B0006C94D /* Main.storyboard */ = {isa = PBXFileReference; fileEncoding = 4; lastKnownFileType = file.storyboard; path = Main.storyboard; sourceTree = "<group>"; };
		62ED533624F0058100CD67FD /* DatabaseManager.swift */ = {isa = PBXFileReference; lastKnownFileType = sourcecode.swift; path = DatabaseManager.swift; sourceTree = "<group>"; };
		62F5E49C24E42121006F7A07 /* TuneDer.app */ = {isa = PBXFileReference; explicitFileType = wrapper.application; includeInIndex = 0; path = TuneDer.app; sourceTree = BUILT_PRODUCTS_DIR; };
		62F5E49F24E42121006F7A07 /* AppDelegate.swift */ = {isa = PBXFileReference; lastKnownFileType = sourcecode.swift; path = AppDelegate.swift; sourceTree = "<group>"; };
		62F5E4A124E42121006F7A07 /* SceneDelegate.swift */ = {isa = PBXFileReference; lastKnownFileType = sourcecode.swift; path = SceneDelegate.swift; sourceTree = "<group>"; };
		62F5E4A824E42123006F7A07 /* Assets.xcassets */ = {isa = PBXFileReference; lastKnownFileType = folder.assetcatalog; path = Assets.xcassets; sourceTree = "<group>"; };
		62F5E4AB24E42123006F7A07 /* Base */ = {isa = PBXFileReference; lastKnownFileType = file.storyboard; name = Base; path = Base.lproj/LaunchScreen.storyboard; sourceTree = "<group>"; };
		62F5E4AD24E42123006F7A07 /* Info.plist */ = {isa = PBXFileReference; lastKnownFileType = text.plist.xml; path = Info.plist; sourceTree = "<group>"; };
		62F5E4B224E42123006F7A07 /* TuneDerTests.xctest */ = {isa = PBXFileReference; explicitFileType = wrapper.cfbundle; includeInIndex = 0; path = TuneDerTests.xctest; sourceTree = BUILT_PRODUCTS_DIR; };
		62F5E4B624E42123006F7A07 /* TuneDerTests.swift */ = {isa = PBXFileReference; lastKnownFileType = sourcecode.swift; path = TuneDerTests.swift; sourceTree = "<group>"; };
		62F5E4B824E42123006F7A07 /* Info.plist */ = {isa = PBXFileReference; lastKnownFileType = text.plist.xml; path = Info.plist; sourceTree = "<group>"; };
		62F5E4BD24E42123006F7A07 /* TuneDerUITests.xctest */ = {isa = PBXFileReference; explicitFileType = wrapper.cfbundle; includeInIndex = 0; path = TuneDerUITests.xctest; sourceTree = BUILT_PRODUCTS_DIR; };
		62F5E4C124E42123006F7A07 /* TuneDerUITests.swift */ = {isa = PBXFileReference; lastKnownFileType = sourcecode.swift; path = TuneDerUITests.swift; sourceTree = "<group>"; };
		62F5E4C324E42123006F7A07 /* Info.plist */ = {isa = PBXFileReference; lastKnownFileType = text.plist.xml; path = Info.plist; sourceTree = "<group>"; };
		62F91D6924E50DB000459C29 /* ResultManager.swift */ = {isa = PBXFileReference; lastKnownFileType = sourcecode.swift; path = ResultManager.swift; sourceTree = "<group>"; };
		8A0BAACDC2F84BADFA6AF527 /* Pods-TuneDer.release.xcconfig */ = {isa = PBXFileReference; includeInIndex = 1; lastKnownFileType = text.xcconfig; name = "Pods-TuneDer.release.xcconfig"; path = "Target Support Files/Pods-TuneDer/Pods-TuneDer.release.xcconfig"; sourceTree = "<group>"; };
/* End PBXFileReference section */

/* Begin PBXFrameworksBuildPhase section */
		62F5E49924E42121006F7A07 /* Frameworks */ = {
			isa = PBXFrameworksBuildPhase;
			buildActionMask = 2147483647;
			files = (
				BFEAB1A4116D2EE3DBAB86C4 /* Pods_TuneDer.framework in Frameworks */,
			);
			runOnlyForDeploymentPostprocessing = 0;
		};
		62F5E4AF24E42123006F7A07 /* Frameworks */ = {
			isa = PBXFrameworksBuildPhase;
			buildActionMask = 2147483647;
			files = (
				BAED0C5F529BB611AADA0E1E /* Pods_TuneDerTests.framework in Frameworks */,
			);
			runOnlyForDeploymentPostprocessing = 0;
		};
		62F5E4BA24E42123006F7A07 /* Frameworks */ = {
			isa = PBXFrameworksBuildPhase;
			buildActionMask = 2147483647;
			files = (
				A3E7641339FD696BF9646303 /* Pods_TuneDer_TuneDerUITests.framework in Frameworks */,
			);
			runOnlyForDeploymentPostprocessing = 0;
		};
/* End PBXFrameworksBuildPhase section */

/* Begin PBXGroup section */
		6226CA5024EBE9C200BCA9A1 /* Service */ = {
			isa = PBXGroup;
			children = (
				62F91D6924E50DB000459C29 /* ResultManager.swift */,
				62ED533624F0058100CD67FD /* DatabaseManager.swift */,
			);
			name = Service;
			sourceTree = "<group>";
		};
		6262720724EBB5D5009EDB7B /* Cells */ = {
			isa = PBXGroup;
			children = (
				62B695BA24F4EE6E001B51B1 /* MainViewCell */,
			);
			path = Cells;
			sourceTree = "<group>";
		};
		628337F624E5655B00F24116 /* ViewController */ = {
			isa = PBXGroup;
			children = (
				629A912024E6DF8A0018C327 /* MainViewController.swift */,
				6272A70524EE9F9500705B7E /* DetailViewController.swift */,
			);
			path = ViewController;
			sourceTree = "<group>";
		};
		628337F724E5656600F24116 /* SuportingDocuments */ = {
			isa = PBXGroup;
			children = (
				62F5E4AA24E42123006F7A07 /* LaunchScreen.storyboard */,
				62F5E49F24E42121006F7A07 /* AppDelegate.swift */,
				62F5E4A124E42121006F7A07 /* SceneDelegate.swift */,
			);
			path = SuportingDocuments;
			sourceTree = "<group>";
		};
		628337F924E5658700F24116 /* Model */ = {
			isa = PBXGroup;
			children = (
				628337FE24E570CA00F24116 /* ResultModel.swift */,
				629A911324E6CDF20018C327 /* Media.swift */,
				6270078624F55643007B1644 /* DetailModel.swift */,
			);
			path = Model;
			sourceTree = "<group>";
		};
		62A3FE0C24EA5C3C0006C94D /* Views */ = {
			isa = PBXGroup;
			children = (
				62A3FE1924EA5D2B0006C94D /* Main.storyboard */,
			);
			path = Views;
			sourceTree = "<group>";
		};
		62B695BA24F4EE6E001B51B1 /* MainViewCell */ = {
			isa = PBXGroup;
			children = (
				62A3FE1424EA5CB20006C94D /* MediaCollectionViewCell.xib */,
				627A001124EAA3C1001C1BC8 /* MediaCollectionViewCell.swift */,
			);
			path = MainViewCell;
			sourceTree = "<group>";
		};
		62F5E49324E42121006F7A07 = {
			isa = PBXGroup;
			children = (
				62F5E49E24E42121006F7A07 /* TuneDer */,
				62F5E4B524E42123006F7A07 /* TuneDerTests */,
				62F5E4C024E42123006F7A07 /* TuneDerUITests */,
				62F5E49D24E42121006F7A07 /* Products */,
				E869792574F93DDC24F13E50 /* Pods */,
				EE16D861FCEA43309F2989B4 /* Frameworks */,
			);
			sourceTree = "<group>";
		};
		62F5E49D24E42121006F7A07 /* Products */ = {
			isa = PBXGroup;
			children = (
				62F5E49C24E42121006F7A07 /* TuneDer.app */,
				62F5E4B224E42123006F7A07 /* TuneDerTests.xctest */,
				62F5E4BD24E42123006F7A07 /* TuneDerUITests.xctest */,
			);
			name = Products;
			sourceTree = "<group>";
		};
		62F5E49E24E42121006F7A07 /* TuneDer */ = {
			isa = PBXGroup;
			children = (
				6226CA5024EBE9C200BCA9A1 /* Service */,
				6262720724EBB5D5009EDB7B /* Cells */,
				62A3FE0C24EA5C3C0006C94D /* Views */,
				628337F924E5658700F24116 /* Model */,
				628337F624E5655B00F24116 /* ViewController */,
				628337F724E5656600F24116 /* SuportingDocuments */,
				62F5E4A824E42123006F7A07 /* Assets.xcassets */,
				62F5E4AD24E42123006F7A07 /* Info.plist */,
			);
			path = TuneDer;
			sourceTree = "<group>";
		};
		62F5E4B524E42123006F7A07 /* TuneDerTests */ = {
			isa = PBXGroup;
			children = (
				62F5E4B624E42123006F7A07 /* TuneDerTests.swift */,
				62F5E4B824E42123006F7A07 /* Info.plist */,
			);
			path = TuneDerTests;
			sourceTree = "<group>";
		};
		62F5E4C024E42123006F7A07 /* TuneDerUITests */ = {
			isa = PBXGroup;
			children = (
				62F5E4C124E42123006F7A07 /* TuneDerUITests.swift */,
				62F5E4C324E42123006F7A07 /* Info.plist */,
			);
			path = TuneDerUITests;
			sourceTree = "<group>";
		};
		E869792574F93DDC24F13E50 /* Pods */ = {
			isa = PBXGroup;
			children = (
				464DC6AAF7888AD0FE60E923 /* Pods-TuneDer.debug.xcconfig */,
				8A0BAACDC2F84BADFA6AF527 /* Pods-TuneDer.release.xcconfig */,
				37FB435A2DA70EFAD5051975 /* Pods-TuneDer-TuneDerUITests.debug.xcconfig */,
				5D00A56251E3A565A2666FAF /* Pods-TuneDer-TuneDerUITests.release.xcconfig */,
				17D06D0FFCF2CACB31BBF8C3 /* Pods-TuneDerTests.debug.xcconfig */,
				37CA52E3659ED69C8B6DADAA /* Pods-TuneDerTests.release.xcconfig */,
			);
			path = Pods;
			sourceTree = "<group>";
		};
		EE16D861FCEA43309F2989B4 /* Frameworks */ = {
			isa = PBXGroup;
			children = (
				3F5483CAC1D6BB13A6852F44 /* Pods_TuneDer.framework */,
				528B5160C8A36A152A7C8B98 /* Pods_TuneDer_TuneDerUITests.framework */,
				51257F17261B2771F24216BF /* Pods_TuneDerTests.framework */,
			);
			name = Frameworks;
			sourceTree = "<group>";
		};
/* End PBXGroup section */

/* Begin PBXNativeTarget section */
		62F5E49B24E42121006F7A07 /* TuneDer */ = {
			isa = PBXNativeTarget;
			buildConfigurationList = 62F5E4C624E42123006F7A07 /* Build configuration list for PBXNativeTarget "TuneDer" */;
			buildPhases = (
				CA1FCBFA94B9AFB0050FBA90 /* [CP] Check Pods Manifest.lock */,
				62F5E49824E42121006F7A07 /* Sources */,
				62F5E49924E42121006F7A07 /* Frameworks */,
				62F5E49A24E42121006F7A07 /* Resources */,
				75757027A2DE97B7B6E9A2A0 /* [CP] Embed Pods Frameworks */,
			);
			buildRules = (
			);
			dependencies = (
			);
			name = TuneDer;
			productName = TuneDer;
			productReference = 62F5E49C24E42121006F7A07 /* TuneDer.app */;
			productType = "com.apple.product-type.application";
		};
		62F5E4B124E42123006F7A07 /* TuneDerTests */ = {
			isa = PBXNativeTarget;
			buildConfigurationList = 62F5E4C924E42123006F7A07 /* Build configuration list for PBXNativeTarget "TuneDerTests" */;
			buildPhases = (
				A91C0654C6A8232C2CFDF13C /* [CP] Check Pods Manifest.lock */,
				62F5E4AE24E42123006F7A07 /* Sources */,
				62F5E4AF24E42123006F7A07 /* Frameworks */,
				62F5E4B024E42123006F7A07 /* Resources */,
			);
			buildRules = (
			);
			dependencies = (
				62F5E4B424E42123006F7A07 /* PBXTargetDependency */,
			);
			name = TuneDerTests;
			productName = TuneDerTests;
			productReference = 62F5E4B224E42123006F7A07 /* TuneDerTests.xctest */;
			productType = "com.apple.product-type.bundle.unit-test";
		};
		62F5E4BC24E42123006F7A07 /* TuneDerUITests */ = {
			isa = PBXNativeTarget;
			buildConfigurationList = 62F5E4CC24E42123006F7A07 /* Build configuration list for PBXNativeTarget "TuneDerUITests" */;
			buildPhases = (
				37469DAE513D3219BFF21F4E /* [CP] Check Pods Manifest.lock */,
				62F5E4B924E42123006F7A07 /* Sources */,
				62F5E4BA24E42123006F7A07 /* Frameworks */,
				62F5E4BB24E42123006F7A07 /* Resources */,
				B0BFF987E7CFE378A8C29D7B /* [CP] Embed Pods Frameworks */,
			);
			buildRules = (
			);
			dependencies = (
				62F5E4BF24E42123006F7A07 /* PBXTargetDependency */,
			);
			name = TuneDerUITests;
			productName = TuneDerUITests;
			productReference = 62F5E4BD24E42123006F7A07 /* TuneDerUITests.xctest */;
			productType = "com.apple.product-type.bundle.ui-testing";
		};
/* End PBXNativeTarget section */

/* Begin PBXProject section */
		62F5E49424E42121006F7A07 /* Project object */ = {
			isa = PBXProject;
			attributes = {
				LastSwiftUpdateCheck = 1160;
				LastUpgradeCheck = 1160;
				ORGANIZATIONNAME = "Huseyin Can Dayan";
				TargetAttributes = {
					62F5E49B24E42121006F7A07 = {
						CreatedOnToolsVersion = 11.6;
					};
					62F5E4B124E42123006F7A07 = {
						CreatedOnToolsVersion = 11.6;
						TestTargetID = 62F5E49B24E42121006F7A07;
					};
					62F5E4BC24E42123006F7A07 = {
						CreatedOnToolsVersion = 11.6;
						TestTargetID = 62F5E49B24E42121006F7A07;
					};
				};
			};
			buildConfigurationList = 62F5E49724E42121006F7A07 /* Build configuration list for PBXProject "TuneDer" */;
			compatibilityVersion = "Xcode 9.3";
			developmentRegion = en;
			hasScannedForEncodings = 0;
			knownRegions = (
				en,
				Base,
			);
			mainGroup = 62F5E49324E42121006F7A07;
			productRefGroup = 62F5E49D24E42121006F7A07 /* Products */;
			projectDirPath = "";
			projectRoot = "";
			targets = (
				62F5E49B24E42121006F7A07 /* TuneDer */,
				62F5E4B124E42123006F7A07 /* TuneDerTests */,
				62F5E4BC24E42123006F7A07 /* TuneDerUITests */,
			);
		};
/* End PBXProject section */

/* Begin PBXResourcesBuildPhase section */
		62F5E49A24E42121006F7A07 /* Resources */ = {
			isa = PBXResourcesBuildPhase;
			buildActionMask = 2147483647;
			files = (
				62F5E4AC24E42123006F7A07 /* LaunchScreen.storyboard in Resources */,
				62F5E4A924E42123006F7A07 /* Assets.xcassets in Resources */,
				62A3FE1624EA5CB20006C94D /* MediaCollectionViewCell.xib in Resources */,
				62A3FE1A24EA5D2B0006C94D /* Main.storyboard in Resources */,
			);
			runOnlyForDeploymentPostprocessing = 0;
		};
		62F5E4B024E42123006F7A07 /* Resources */ = {
			isa = PBXResourcesBuildPhase;
			buildActionMask = 2147483647;
			files = (
			);
			runOnlyForDeploymentPostprocessing = 0;
		};
		62F5E4BB24E42123006F7A07 /* Resources */ = {
			isa = PBXResourcesBuildPhase;
			buildActionMask = 2147483647;
			files = (
			);
			runOnlyForDeploymentPostprocessing = 0;
		};
/* End PBXResourcesBuildPhase section */

/* Begin PBXShellScriptBuildPhase section */
		37469DAE513D3219BFF21F4E /* [CP] Check Pods Manifest.lock */ = {
			isa = PBXShellScriptBuildPhase;
			buildActionMask = 2147483647;
			files = (
			);
			inputFileListPaths = (
			);
			inputPaths = (
				"${PODS_PODFILE_DIR_PATH}/Podfile.lock",
				"${PODS_ROOT}/Manifest.lock",
			);
			name = "[CP] Check Pods Manifest.lock";
			outputFileListPaths = (
			);
			outputPaths = (
				"$(DERIVED_FILE_DIR)/Pods-TuneDer-TuneDerUITests-checkManifestLockResult.txt",
			);
			runOnlyForDeploymentPostprocessing = 0;
			shellPath = /bin/sh;
			shellScript = "diff \"${PODS_PODFILE_DIR_PATH}/Podfile.lock\" \"${PODS_ROOT}/Manifest.lock\" > /dev/null\nif [ $? != 0 ] ; then\n    # print error to STDERR\n    echo \"error: The sandbox is not in sync with the Podfile.lock. Run 'pod install' or update your CocoaPods installation.\" >&2\n    exit 1\nfi\n# This output is used by Xcode 'outputs' to avoid re-running this script phase.\necho \"SUCCESS\" > \"${SCRIPT_OUTPUT_FILE_0}\"\n";
			showEnvVarsInLog = 0;
		};
		75757027A2DE97B7B6E9A2A0 /* [CP] Embed Pods Frameworks */ = {
			isa = PBXShellScriptBuildPhase;
			buildActionMask = 2147483647;
			files = (
			);
			inputFileListPaths = (
				"${PODS_ROOT}/Target Support Files/Pods-TuneDer/Pods-TuneDer-frameworks-${CONFIGURATION}-input-files.xcfilelist",
			);
			name = "[CP] Embed Pods Frameworks";
			outputFileListPaths = (
				"${PODS_ROOT}/Target Support Files/Pods-TuneDer/Pods-TuneDer-frameworks-${CONFIGURATION}-output-files.xcfilelist",
			);
			runOnlyForDeploymentPostprocessing = 0;
			shellPath = /bin/sh;
			shellScript = "\"${PODS_ROOT}/Target Support Files/Pods-TuneDer/Pods-TuneDer-frameworks.sh\"\n";
			showEnvVarsInLog = 0;
		};
		A91C0654C6A8232C2CFDF13C /* [CP] Check Pods Manifest.lock */ = {
			isa = PBXShellScriptBuildPhase;
			buildActionMask = 2147483647;
			files = (
			);
			inputFileListPaths = (
			);
			inputPaths = (
				"${PODS_PODFILE_DIR_PATH}/Podfile.lock",
				"${PODS_ROOT}/Manifest.lock",
			);
			name = "[CP] Check Pods Manifest.lock";
			outputFileListPaths = (
			);
			outputPaths = (
				"$(DERIVED_FILE_DIR)/Pods-TuneDerTests-checkManifestLockResult.txt",
			);
			runOnlyForDeploymentPostprocessing = 0;
			shellPath = /bin/sh;
			shellScript = "diff \"${PODS_PODFILE_DIR_PATH}/Podfile.lock\" \"${PODS_ROOT}/Manifest.lock\" > /dev/null\nif [ $? != 0 ] ; then\n    # print error to STDERR\n    echo \"error: The sandbox is not in sync with the Podfile.lock. Run 'pod install' or update your CocoaPods installation.\" >&2\n    exit 1\nfi\n# This output is used by Xcode 'outputs' to avoid re-running this script phase.\necho \"SUCCESS\" > \"${SCRIPT_OUTPUT_FILE_0}\"\n";
			showEnvVarsInLog = 0;
		};
		B0BFF987E7CFE378A8C29D7B /* [CP] Embed Pods Frameworks */ = {
			isa = PBXShellScriptBuildPhase;
			buildActionMask = 2147483647;
			files = (
			);
			inputFileListPaths = (
				"${PODS_ROOT}/Target Support Files/Pods-TuneDer-TuneDerUITests/Pods-TuneDer-TuneDerUITests-frameworks-${CONFIGURATION}-input-files.xcfilelist",
			);
			name = "[CP] Embed Pods Frameworks";
			outputFileListPaths = (
				"${PODS_ROOT}/Target Support Files/Pods-TuneDer-TuneDerUITests/Pods-TuneDer-TuneDerUITests-frameworks-${CONFIGURATION}-output-files.xcfilelist",
			);
			runOnlyForDeploymentPostprocessing = 0;
			shellPath = /bin/sh;
			shellScript = "\"${PODS_ROOT}/Target Support Files/Pods-TuneDer-TuneDerUITests/Pods-TuneDer-TuneDerUITests-frameworks.sh\"\n";
			showEnvVarsInLog = 0;
		};
		CA1FCBFA94B9AFB0050FBA90 /* [CP] Check Pods Manifest.lock */ = {
			isa = PBXShellScriptBuildPhase;
			buildActionMask = 2147483647;
			files = (
			);
			inputFileListPaths = (
			);
			inputPaths = (
				"${PODS_PODFILE_DIR_PATH}/Podfile.lock",
				"${PODS_ROOT}/Manifest.lock",
			);
			name = "[CP] Check Pods Manifest.lock";
			outputFileListPaths = (
			);
			outputPaths = (
				"$(DERIVED_FILE_DIR)/Pods-TuneDer-checkManifestLockResult.txt",
			);
			runOnlyForDeploymentPostprocessing = 0;
			shellPath = /bin/sh;
			shellScript = "diff \"${PODS_PODFILE_DIR_PATH}/Podfile.lock\" \"${PODS_ROOT}/Manifest.lock\" > /dev/null\nif [ $? != 0 ] ; then\n    # print error to STDERR\n    echo \"error: The sandbox is not in sync with the Podfile.lock. Run 'pod install' or update your CocoaPods installation.\" >&2\n    exit 1\nfi\n# This output is used by Xcode 'outputs' to avoid re-running this script phase.\necho \"SUCCESS\" > \"${SCRIPT_OUTPUT_FILE_0}\"\n";
			showEnvVarsInLog = 0;
		};
/* End PBXShellScriptBuildPhase section */

/* Begin PBXSourcesBuildPhase section */
		62F5E49824E42121006F7A07 /* Sources */ = {
			isa = PBXSourcesBuildPhase;
			buildActionMask = 2147483647;
			files = (
				6272A70624EE9F9500705B7E /* DetailViewController.swift in Sources */,
				62F91D6A24E50DB000459C29 /* ResultManager.swift in Sources */,
				627A001224EAA3C1001C1BC8 /* MediaCollectionViewCell.swift in Sources */,
				629A912124E6DF8A0018C327 /* MainViewController.swift in Sources */,
				629A911424E6CDF20018C327 /* Media.swift in Sources */,
				62F5E4A024E42121006F7A07 /* AppDelegate.swift in Sources */,
				6270078724F55643007B1644 /* DetailModel.swift in Sources */,
				628337FF24E570CA00F24116 /* ResultModel.swift in Sources */,
				62F5E4A224E42121006F7A07 /* SceneDelegate.swift in Sources */,
				62ED533724F0058100CD67FD /* DatabaseManager.swift in Sources */,
			);
			runOnlyForDeploymentPostprocessing = 0;
		};
		62F5E4AE24E42123006F7A07 /* Sources */ = {
			isa = PBXSourcesBuildPhase;
			buildActionMask = 2147483647;
			files = (
				62F5E4B724E42123006F7A07 /* TuneDerTests.swift in Sources */,
			);
			runOnlyForDeploymentPostprocessing = 0;
		};
		62F5E4B924E42123006F7A07 /* Sources */ = {
			isa = PBXSourcesBuildPhase;
			buildActionMask = 2147483647;
			files = (
				62F5E4C224E42123006F7A07 /* TuneDerUITests.swift in Sources */,
			);
			runOnlyForDeploymentPostprocessing = 0;
		};
/* End PBXSourcesBuildPhase section */

/* Begin PBXTargetDependency section */
		62F5E4B424E42123006F7A07 /* PBXTargetDependency */ = {
			isa = PBXTargetDependency;
			target = 62F5E49B24E42121006F7A07 /* TuneDer */;
			targetProxy = 62F5E4B324E42123006F7A07 /* PBXContainerItemProxy */;
		};
		62F5E4BF24E42123006F7A07 /* PBXTargetDependency */ = {
			isa = PBXTargetDependency;
			target = 62F5E49B24E42121006F7A07 /* TuneDer */;
			targetProxy = 62F5E4BE24E42123006F7A07 /* PBXContainerItemProxy */;
		};
/* End PBXTargetDependency section */

/* Begin PBXVariantGroup section */
		62F5E4AA24E42123006F7A07 /* LaunchScreen.storyboard */ = {
			isa = PBXVariantGroup;
			children = (
				62F5E4AB24E42123006F7A07 /* Base */,
			);
			name = LaunchScreen.storyboard;
			sourceTree = "<group>";
		};
/* End PBXVariantGroup section */

/* Begin XCBuildConfiguration section */
		62F5E4C424E42123006F7A07 /* Debug */ = {
			isa = XCBuildConfiguration;
			buildSettings = {
				ALWAYS_SEARCH_USER_PATHS = NO;
				CLANG_ANALYZER_NONNULL = YES;
				CLANG_ANALYZER_NUMBER_OBJECT_CONVERSION = YES_AGGRESSIVE;
				CLANG_CXX_LANGUAGE_STANDARD = "gnu++14";
				CLANG_CXX_LIBRARY = "libc++";
				CLANG_ENABLE_MODULES = YES;
				CLANG_ENABLE_OBJC_ARC = YES;
				CLANG_ENABLE_OBJC_WEAK = YES;
				CLANG_WARN_BLOCK_CAPTURE_AUTORELEASING = YES;
				CLANG_WARN_BOOL_CONVERSION = YES;
				CLANG_WARN_COMMA = YES;
				CLANG_WARN_CONSTANT_CONVERSION = YES;
				CLANG_WARN_DEPRECATED_OBJC_IMPLEMENTATIONS = YES;
				CLANG_WARN_DIRECT_OBJC_ISA_USAGE = YES_ERROR;
				CLANG_WARN_DOCUMENTATION_COMMENTS = YES;
				CLANG_WARN_EMPTY_BODY = YES;
				CLANG_WARN_ENUM_CONVERSION = YES;
				CLANG_WARN_INFINITE_RECURSION = YES;
				CLANG_WARN_INT_CONVERSION = YES;
				CLANG_WARN_NON_LITERAL_NULL_CONVERSION = YES;
				CLANG_WARN_OBJC_IMPLICIT_RETAIN_SELF = YES;
				CLANG_WARN_OBJC_LITERAL_CONVERSION = YES;
				CLANG_WARN_OBJC_ROOT_CLASS = YES_ERROR;
				CLANG_WARN_RANGE_LOOP_ANALYSIS = YES;
				CLANG_WARN_STRICT_PROTOTYPES = YES;
				CLANG_WARN_SUSPICIOUS_MOVE = YES;
				CLANG_WARN_UNGUARDED_AVAILABILITY = YES_AGGRESSIVE;
				CLANG_WARN_UNREACHABLE_CODE = YES;
				CLANG_WARN__DUPLICATE_METHOD_MATCH = YES;
				COPY_PHASE_STRIP = NO;
				DEBUG_INFORMATION_FORMAT = dwarf;
				ENABLE_STRICT_OBJC_MSGSEND = YES;
				ENABLE_TESTABILITY = YES;
				GCC_C_LANGUAGE_STANDARD = gnu11;
				GCC_DYNAMIC_NO_PIC = NO;
				GCC_NO_COMMON_BLOCKS = YES;
				GCC_OPTIMIZATION_LEVEL = 0;
				GCC_PREPROCESSOR_DEFINITIONS = (
					"DEBUG=1",
					"$(inherited)",
				);
				GCC_WARN_64_TO_32_BIT_CONVERSION = YES;
				GCC_WARN_ABOUT_RETURN_TYPE = YES_ERROR;
				GCC_WARN_UNDECLARED_SELECTOR = YES;
				GCC_WARN_UNINITIALIZED_AUTOS = YES_AGGRESSIVE;
				GCC_WARN_UNUSED_FUNCTION = YES;
				GCC_WARN_UNUSED_VARIABLE = YES;
				IPHONEOS_DEPLOYMENT_TARGET = 13.6;
				MTL_ENABLE_DEBUG_INFO = INCLUDE_SOURCE;
				MTL_FAST_MATH = YES;
				ONLY_ACTIVE_ARCH = YES;
				SDKROOT = iphoneos;
				SWIFT_ACTIVE_COMPILATION_CONDITIONS = DEBUG;
				SWIFT_OPTIMIZATION_LEVEL = "-Onone";
			};
			name = Debug;
		};
		62F5E4C524E42123006F7A07 /* Release */ = {
			isa = XCBuildConfiguration;
			buildSettings = {
				ALWAYS_SEARCH_USER_PATHS = NO;
				CLANG_ANALYZER_NONNULL = YES;
				CLANG_ANALYZER_NUMBER_OBJECT_CONVERSION = YES_AGGRESSIVE;
				CLANG_CXX_LANGUAGE_STANDARD = "gnu++14";
				CLANG_CXX_LIBRARY = "libc++";
				CLANG_ENABLE_MODULES = YES;
				CLANG_ENABLE_OBJC_ARC = YES;
				CLANG_ENABLE_OBJC_WEAK = YES;
				CLANG_WARN_BLOCK_CAPTURE_AUTORELEASING = YES;
				CLANG_WARN_BOOL_CONVERSION = YES;
				CLANG_WARN_COMMA = YES;
				CLANG_WARN_CONSTANT_CONVERSION = YES;
				CLANG_WARN_DEPRECATED_OBJC_IMPLEMENTATIONS = YES;
				CLANG_WARN_DIRECT_OBJC_ISA_USAGE = YES_ERROR;
				CLANG_WARN_DOCUMENTATION_COMMENTS = YES;
				CLANG_WARN_EMPTY_BODY = YES;
				CLANG_WARN_ENUM_CONVERSION = YES;
				CLANG_WARN_INFINITE_RECURSION = YES;
				CLANG_WARN_INT_CONVERSION = YES;
				CLANG_WARN_NON_LITERAL_NULL_CONVERSION = YES;
				CLANG_WARN_OBJC_IMPLICIT_RETAIN_SELF = YES;
				CLANG_WARN_OBJC_LITERAL_CONVERSION = YES;
				CLANG_WARN_OBJC_ROOT_CLASS = YES_ERROR;
				CLANG_WARN_RANGE_LOOP_ANALYSIS = YES;
				CLANG_WARN_STRICT_PROTOTYPES = YES;
				CLANG_WARN_SUSPICIOUS_MOVE = YES;
				CLANG_WARN_UNGUARDED_AVAILABILITY = YES_AGGRESSIVE;
				CLANG_WARN_UNREACHABLE_CODE = YES;
				CLANG_WARN__DUPLICATE_METHOD_MATCH = YES;
				COPY_PHASE_STRIP = NO;
				DEBUG_INFORMATION_FORMAT = "dwarf-with-dsym";
				ENABLE_NS_ASSERTIONS = NO;
				ENABLE_STRICT_OBJC_MSGSEND = YES;
				GCC_C_LANGUAGE_STANDARD = gnu11;
				GCC_NO_COMMON_BLOCKS = YES;
				GCC_WARN_64_TO_32_BIT_CONVERSION = YES;
				GCC_WARN_ABOUT_RETURN_TYPE = YES_ERROR;
				GCC_WARN_UNDECLARED_SELECTOR = YES;
				GCC_WARN_UNINITIALIZED_AUTOS = YES_AGGRESSIVE;
				GCC_WARN_UNUSED_FUNCTION = YES;
				GCC_WARN_UNUSED_VARIABLE = YES;
				IPHONEOS_DEPLOYMENT_TARGET = 13.6;
				MTL_ENABLE_DEBUG_INFO = NO;
				MTL_FAST_MATH = YES;
				SDKROOT = iphoneos;
				SWIFT_COMPILATION_MODE = wholemodule;
				SWIFT_OPTIMIZATION_LEVEL = "-O";
				VALIDATE_PRODUCT = YES;
			};
			name = Release;
		};
		62F5E4C724E42123006F7A07 /* Debug */ = {
			isa = XCBuildConfiguration;
			baseConfigurationReference = 464DC6AAF7888AD0FE60E923 /* Pods-TuneDer.debug.xcconfig */;
			buildSettings = {
				ASSETCATALOG_COMPILER_APPICON_NAME = AppIcon;
				CODE_SIGN_STYLE = Automatic;
				DEVELOPMENT_TEAM = HSX5VD99YZ;
				INFOPLIST_FILE = TuneDer/Info.plist;
				LD_RUNPATH_SEARCH_PATHS = (
					"$(inherited)",
					"@executable_path/Frameworks",
				);
				PRODUCT_BUNDLE_IDENTIFIER = com.hcd.TuneDer;
				PRODUCT_NAME = "$(TARGET_NAME)";
				SWIFT_VERSION = 5.0;
				TARGETED_DEVICE_FAMILY = "1,2";
			};
			name = Debug;
		};
		62F5E4C824E42123006F7A07 /* Release */ = {
			isa = XCBuildConfiguration;
			baseConfigurationReference = 8A0BAACDC2F84BADFA6AF527 /* Pods-TuneDer.release.xcconfig */;
			buildSettings = {
				ASSETCATALOG_COMPILER_APPICON_NAME = AppIcon;
				CODE_SIGN_STYLE = Automatic;
				DEVELOPMENT_TEAM = HSX5VD99YZ;
				INFOPLIST_FILE = TuneDer/Info.plist;
				LD_RUNPATH_SEARCH_PATHS = (
					"$(inherited)",
					"@executable_path/Frameworks",
				);
				PRODUCT_BUNDLE_IDENTIFIER = com.hcd.TuneDer;
				PRODUCT_NAME = "$(TARGET_NAME)";
				SWIFT_VERSION = 5.0;
				TARGETED_DEVICE_FAMILY = "1,2";
			};
			name = Release;
		};
		62F5E4CA24E42123006F7A07 /* Debug */ = {
			isa = XCBuildConfiguration;
			baseConfigurationReference = 17D06D0FFCF2CACB31BBF8C3 /* Pods-TuneDerTests.debug.xcconfig */;
			buildSettings = {
				ALWAYS_EMBED_SWIFT_STANDARD_LIBRARIES = YES;
				BUNDLE_LOADER = "$(TEST_HOST)";
				CODE_SIGN_STYLE = Automatic;
				DEVELOPMENT_TEAM = HSX5VD99YZ;
				INFOPLIST_FILE = TuneDerTests/Info.plist;
				IPHONEOS_DEPLOYMENT_TARGET = 13.6;
				LD_RUNPATH_SEARCH_PATHS = (
					"$(inherited)",
					"@executable_path/Frameworks",
					"@loader_path/Frameworks",
				);
				PRODUCT_BUNDLE_IDENTIFIER = com.hcd.TuneDerTests;
				PRODUCT_NAME = "$(TARGET_NAME)";
				SWIFT_VERSION = 5.0;
				TARGETED_DEVICE_FAMILY = "1,2";
				TEST_HOST = "$(BUILT_PRODUCTS_DIR)/TuneDer.app/TuneDer";
			};
			name = Debug;
		};
		62F5E4CB24E42123006F7A07 /* Release */ = {
			isa = XCBuildConfiguration;
			baseConfigurationReference = 37CA52E3659ED69C8B6DADAA /* Pods-TuneDerTests.release.xcconfig */;
			buildSettings = {
				ALWAYS_EMBED_SWIFT_STANDARD_LIBRARIES = YES;
				BUNDLE_LOADER = "$(TEST_HOST)";
				CODE_SIGN_STYLE = Automatic;
				DEVELOPMENT_TEAM = HSX5VD99YZ;
				INFOPLIST_FILE = TuneDerTests/Info.plist;
				IPHONEOS_DEPLOYMENT_TARGET = 13.6;
				LD_RUNPATH_SEARCH_PATHS = (
					"$(inherited)",
					"@executable_path/Frameworks",
					"@loader_path/Frameworks",
				);
				PRODUCT_BUNDLE_IDENTIFIER = com.hcd.TuneDerTests;
				PRODUCT_NAME = "$(TARGET_NAME)";
				SWIFT_VERSION = 5.0;
				TARGETED_DEVICE_FAMILY = "1,2";
				TEST_HOST = "$(BUILT_PRODUCTS_DIR)/TuneDer.app/TuneDer";
			};
			name = Release;
		};
		62F5E4CD24E42123006F7A07 /* Debug */ = {
			isa = XCBuildConfiguration;
			baseConfigurationReference = 37FB435A2DA70EFAD5051975 /* Pods-TuneDer-TuneDerUITests.debug.xcconfig */;
			buildSettings = {
				ALWAYS_EMBED_SWIFT_STANDARD_LIBRARIES = YES;
				CODE_SIGN_STYLE = Automatic;
				DEVELOPMENT_TEAM = HSX5VD99YZ;
				INFOPLIST_FILE = TuneDerUITests/Info.plist;
				LD_RUNPATH_SEARCH_PATHS = (
					"$(inherited)",
					"@executable_path/Frameworks",
					"@loader_path/Frameworks",
				);
				PRODUCT_BUNDLE_IDENTIFIER = com.hcd.TuneDerUITests;
				PRODUCT_NAME = "$(TARGET_NAME)";
				SWIFT_VERSION = 5.0;
				TARGETED_DEVICE_FAMILY = "1,2";
				TEST_TARGET_NAME = TuneDer;
			};
			name = Debug;
		};
		62F5E4CE24E42123006F7A07 /* Release */ = {
			isa = XCBuildConfiguration;
			baseConfigurationReference = 5D00A56251E3A565A2666FAF /* Pods-TuneDer-TuneDerUITests.release.xcconfig */;
			buildSettings = {
				ALWAYS_EMBED_SWIFT_STANDARD_LIBRARIES = YES;
				CODE_SIGN_STYLE = Automatic;
				DEVELOPMENT_TEAM = HSX5VD99YZ;
				INFOPLIST_FILE = TuneDerUITests/Info.plist;
				LD_RUNPATH_SEARCH_PATHS = (
					"$(inherited)",
					"@executable_path/Frameworks",
					"@loader_path/Frameworks",
				);
				PRODUCT_BUNDLE_IDENTIFIER = com.hcd.TuneDerUITests;
				PRODUCT_NAME = "$(TARGET_NAME)";
				SWIFT_VERSION = 5.0;
				TARGETED_DEVICE_FAMILY = "1,2";
				TEST_TARGET_NAME = TuneDer;
			};
			name = Release;
		};
/* End XCBuildConfiguration section */

/* Begin XCConfigurationList section */
		62F5E49724E42121006F7A07 /* Build configuration list for PBXProject "TuneDer" */ = {
			isa = XCConfigurationList;
			buildConfigurations = (
				62F5E4C424E42123006F7A07 /* Debug */,
				62F5E4C524E42123006F7A07 /* Release */,
			);
			defaultConfigurationIsVisible = 0;
			defaultConfigurationName = Release;
		};
		62F5E4C624E42123006F7A07 /* Build configuration list for PBXNativeTarget "TuneDer" */ = {
			isa = XCConfigurationList;
			buildConfigurations = (
				62F5E4C724E42123006F7A07 /* Debug */,
				62F5E4C824E42123006F7A07 /* Release */,
			);
			defaultConfigurationIsVisible = 0;
			defaultConfigurationName = Release;
		};
		62F5E4C924E42123006F7A07 /* Build configuration list for PBXNativeTarget "TuneDerTests" */ = {
			isa = XCConfigurationList;
			buildConfigurations = (
				62F5E4CA24E42123006F7A07 /* Debug */,
				62F5E4CB24E42123006F7A07 /* Release */,
			);
			defaultConfigurationIsVisible = 0;
			defaultConfigurationName = Release;
		};
		62F5E4CC24E42123006F7A07 /* Build configuration list for PBXNativeTarget "TuneDerUITests" */ = {
			isa = XCConfigurationList;
			buildConfigurations = (
				62F5E4CD24E42123006F7A07 /* Debug */,
				62F5E4CE24E42123006F7A07 /* Release */,
			);
			defaultConfigurationIsVisible = 0;
			defaultConfigurationName = Release;
		};
/* End XCConfigurationList section */
	};
	rootObject = 62F5E49424E42121006F7A07 /* Project object */;
}
